
Microsoft Visual Studio Solution File, Format Version 12.00
# Visual Studio Version 17
VisualStudioVersion = 17.6.33723.286
MinimumVisualStudioVersion = 10.0.40219.1
Project("{FAE04EC0-301F-11D3-BF4B-00C04F79EFBC}") = "Downloader", "Downloader\Downloader.csproj", "{A6926D98-E9C3-4BCB-9AB6-48C6FC26EA6F}"
EndProject
Project("{FAE04EC0-301F-11D3-BF4B-00C04F79EFBC}") = "DownloaderInstaller", "DownloaderInstaller\DownloaderInstaller.csproj", "{D3683F80-34EC-4BF0-9A5A-623F9B5CE2DE}"
EndProject
Global
	GlobalSection(SolutionConfigurationPlatforms) = preSolution
		Debug|Any CPU = Debug|Any CPU
		Release|Any CPU = Release|Any CPU
	EndGlobalSection
	GlobalSection(ProjectConfigurationPlatforms) = postSolution
		{A6926D98-E9C3-4BCB-9AB6-48C6FC26EA6F}.Debug|Any CPU.ActiveCfg = Debug|Any CPU
		{A6926D98-E9C3-4BCB-9AB6-48C6FC26EA6F}.Debug|Any CPU.Build.0 = Debug|Any CPU
		{A6926D98-E9C3-4BCB-9AB6-48C6FC26EA6F}.Release|Any CPU.ActiveCfg = Release|Any CPU
		{A6926D98-E9C3-4BCB-9AB6-48C6FC26EA6F}.Release|Any CPU.Build.0 = Release|Any CPU
		{D3683F80-34EC-4BF0-9A5A-623F9B5CE2DE}.Debug|Any CPU.ActiveCfg = Debug|Any CPU
		{D3683F80-34EC-4BF0-9A5A-623F9B5CE2DE}.Debug|Any CPU.Build.0 = Debug|Any CPU
		{D3683F80-34EC-4BF0-9A5A-623F9B5CE2DE}.Release|Any CPU.ActiveCfg = Release|Any CPU
		{D3683F80-34EC-4BF0-9A5A-623F9B5CE2DE}.Release|Any CPU.Build.0 = Release|Any CPU
	EndGlobalSection
	GlobalSection(SolutionProperties) = preSolution
		HideSolutionNode = FALSE
	EndGlobalSection
	GlobalSection(ExtensibilityGlobals) = postSolution
		SolutionGuid = {D7995B14-C78D-4D58-AE59-E5471B9815F3}
	EndGlobalSection
EndGlobal
